// !$*UTF8*$!
{
	archiveVersion = 1;
	classes = {
	};
	objectVersion = 56;
	objects = {

/* Begin PBXBuildFile section */
		BA9B572D2AA762AE00A24C7C /* SF-Pro-Display-Regular.otf in Resources */ = {isa = PBXBuildFile; fileRef = BA9B572C2AA762AE00A24C7C /* SF-Pro-Display-Regular.otf */; };
		BA9B572F2AA770F600A24C7C /* BuyerInformationView.swift in Sources */ = {isa = PBXBuildFile; fileRef = BA9B572E2AA770F600A24C7C /* BuyerInformationView.swift */; };
		BAAB50222AA7569200EC3817 /* Assets.xcassets in Resources */ = {isa = PBXBuildFile; fileRef = BAAB50212AA7569200EC3817 /* Assets.xcassets */; };
		BAAB50242AA757F000EC3817 /* SF-Pro-Display-Medium.otf in Resources */ = {isa = PBXBuildFile; fileRef = BAAB50232AA756BF00EC3817 /* SF-Pro-Display-Medium.otf */; };
		BAAB50282AA75A2B00EC3817 /* SF-Pro-Display-Semibold.otf in Resources */ = {isa = PBXBuildFile; fileRef = BAAB50272AA7599F00EC3817 /* SF-Pro-Display-Semibold.otf */; };
		BACAB1322AA1CB7A006F4607 /* HotelBookingApp.swift in Sources */ = {isa = PBXBuildFile; fileRef = BACAB1312AA1CB7A006F4607 /* HotelBookingApp.swift */; };
		BACAB1342AA1CB7A006F4607 /* ContentView.swift in Sources */ = {isa = PBXBuildFile; fileRef = BACAB1332AA1CB7A006F4607 /* ContentView.swift */; };
		BACAB1392AA1CB7B006F4607 /* Preview Assets.xcassets in Resources */ = {isa = PBXBuildFile; fileRef = BACAB1382AA1CB7B006F4607 /* Preview Assets.xcassets */; };
		BACAB1422AA1D12E006F4607 /* CoordinatorView.swift in Sources */ = {isa = PBXBuildFile; fileRef = BACAB1412AA1D12E006F4607 /* CoordinatorView.swift */; };
		BACAB1442AA1D148006F4607 /* CoordinatorObject.swift in Sources */ = {isa = PBXBuildFile; fileRef = BACAB1432AA1D148006F4607 /* CoordinatorObject.swift */; };
		BACAB1482AA1D51F006F4607 /* HotelView.swift in Sources */ = {isa = PBXBuildFile; fileRef = BACAB1472AA1D51F006F4607 /* HotelView.swift */; };
		BACAB14D2AA1D567006F4607 /* RoomView.swift in Sources */ = {isa = PBXBuildFile; fileRef = BACAB14C2AA1D567006F4607 /* RoomView.swift */; };
		BACAB14F2AA1D579006F4607 /* BookingView.swift in Sources */ = {isa = PBXBuildFile; fileRef = BACAB14E2AA1D579006F4607 /* BookingView.swift */; };
		BACAB1512AA1D586006F4607 /* PaidView.swift in Sources */ = {isa = PBXBuildFile; fileRef = BACAB1502AA1D586006F4607 /* PaidView.swift */; };
		BACAB1532AA1D89F006F4607 /* HotelViewModel.swift in Sources */ = {isa = PBXBuildFile; fileRef = BACAB1522AA1D89F006F4607 /* HotelViewModel.swift */; };
		BACAB1592AA334FC006F4607 /* ImageCorusel.swift in Sources */ = {isa = PBXBuildFile; fileRef = BACAB1582AA334FC006F4607 /* ImageCorusel.swift */; };
		BACAB15B2AA33703006F4607 /* BottomPanel.swift in Sources */ = {isa = PBXBuildFile; fileRef = BACAB15A2AA33703006F4607 /* BottomPanel.swift */; };
		BACAB15D2AA34761006F4607 /* MainData.swift in Sources */ = {isa = PBXBuildFile; fileRef = BACAB15C2AA34761006F4607 /* MainData.swift */; };
		BACAB15F2AA36B72006F4607 /* Conveniences.swift in Sources */ = {isa = PBXBuildFile; fileRef = BACAB15E2AA36B72006F4607 /* Conveniences.swift */; };
		BACAB1612AA36BEA006F4607 /* Description.swift in Sources */ = {isa = PBXBuildFile; fileRef = BACAB1602AA36BEA006F4607 /* Description.swift */; };
		BACAB1632AA5CED8006F4607 /* Peculiarities.swift in Sources */ = {isa = PBXBuildFile; fileRef = BACAB1622AA5CED8006F4607 /* Peculiarities.swift */; };
		BACAB1652AA5D7D6006F4607 /* RoomViewModel.swift in Sources */ = {isa = PBXBuildFile; fileRef = BACAB1642AA5D7D6006F4607 /* RoomViewModel.swift */; };
		BACAB1682AA61A4C006F4607 /* RoomData.swift in Sources */ = {isa = PBXBuildFile; fileRef = BACAB1672AA61A4C006F4607 /* RoomData.swift */; };
		BACAB16B2AA715BE006F4607 /* ButtonView.swift in Sources */ = {isa = PBXBuildFile; fileRef = BACAB16A2AA715BE006F4607 /* ButtonView.swift */; };
		BACAB16D2AA71F96006F4607 /* DetailRow.swift in Sources */ = {isa = PBXBuildFile; fileRef = BACAB16C2AA71F96006F4607 /* DetailRow.swift */; };
		BACAB1702AA72274006F4607 /* BookingDetailMainView.swift in Sources */ = {isa = PBXBuildFile; fileRef = BACAB16F2AA72274006F4607 /* BookingDetailMainView.swift */; };
/* End PBXBuildFile section */

/* Begin PBXFileReference section */
		BA9B572C2AA762AE00A24C7C /* SF-Pro-Display-Regular.otf */ = {isa = PBXFileReference; lastKnownFileType = file; path = "SF-Pro-Display-Regular.otf"; sourceTree = "<group>"; };
		BA9B572E2AA770F600A24C7C /* BuyerInformationView.swift */ = {isa = PBXFileReference; lastKnownFileType = sourcecode.swift; path = BuyerInformationView.swift; sourceTree = "<group>"; };
		BAAB50212AA7569200EC3817 /* Assets.xcassets */ = {isa = PBXFileReference; lastKnownFileType = folder.assetcatalog; path = Assets.xcassets; sourceTree = "<group>"; };
		BAAB50232AA756BF00EC3817 /* SF-Pro-Display-Medium.otf */ = {isa = PBXFileReference; lastKnownFileType = file; path = "SF-Pro-Display-Medium.otf"; sourceTree = "<group>"; };
		BAAB50252AA7588D00EC3817 /* Info.plist */ = {isa = PBXFileReference; lastKnownFileType = text.plist; path = Info.plist; sourceTree = "<group>"; };
		BAAB50272AA7599F00EC3817 /* SF-Pro-Display-Semibold.otf */ = {isa = PBXFileReference; lastKnownFileType = file; path = "SF-Pro-Display-Semibold.otf"; sourceTree = "<group>"; };
		BACAB12E2AA1CB7A006F4607 /* HotelBooking.app */ = {isa = PBXFileReference; explicitFileType = wrapper.application; includeInIndex = 0; path = HotelBooking.app; sourceTree = BUILT_PRODUCTS_DIR; };
		BACAB1312AA1CB7A006F4607 /* HotelBookingApp.swift */ = {isa = PBXFileReference; lastKnownFileType = sourcecode.swift; path = HotelBookingApp.swift; sourceTree = "<group>"; };
		BACAB1332AA1CB7A006F4607 /* ContentView.swift */ = {isa = PBXFileReference; lastKnownFileType = sourcecode.swift; path = ContentView.swift; sourceTree = "<group>"; };
		BACAB1382AA1CB7B006F4607 /* Preview Assets.xcassets */ = {isa = PBXFileReference; lastKnownFileType = folder.assetcatalog; path = "Preview Assets.xcassets"; sourceTree = "<group>"; };
		BACAB1412AA1D12E006F4607 /* CoordinatorView.swift */ = {isa = PBXFileReference; lastKnownFileType = sourcecode.swift; path = CoordinatorView.swift; sourceTree = "<group>"; };
		BACAB1432AA1D148006F4607 /* CoordinatorObject.swift */ = {isa = PBXFileReference; lastKnownFileType = sourcecode.swift; path = CoordinatorObject.swift; sourceTree = "<group>"; };
		BACAB1472AA1D51F006F4607 /* HotelView.swift */ = {isa = PBXFileReference; lastKnownFileType = sourcecode.swift; path = HotelView.swift; sourceTree = "<group>"; };
		BACAB14C2AA1D567006F4607 /* RoomView.swift */ = {isa = PBXFileReference; lastKnownFileType = sourcecode.swift; path = RoomView.swift; sourceTree = "<group>"; };
		BACAB14E2AA1D579006F4607 /* BookingView.swift */ = {isa = PBXFileReference; lastKnownFileType = sourcecode.swift; path = BookingView.swift; sourceTree = "<group>"; };
		BACAB1502AA1D586006F4607 /* PaidView.swift */ = {isa = PBXFileReference; lastKnownFileType = sourcecode.swift; path = PaidView.swift; sourceTree = "<group>"; };
		BACAB1522AA1D89F006F4607 /* HotelViewModel.swift */ = {isa = PBXFileReference; lastKnownFileType = sourcecode.swift; path = HotelViewModel.swift; sourceTree = "<group>"; };
		BACAB1582AA334FC006F4607 /* ImageCorusel.swift */ = {isa = PBXFileReference; lastKnownFileType = sourcecode.swift; path = ImageCorusel.swift; sourceTree = "<group>"; };
		BACAB15A2AA33703006F4607 /* BottomPanel.swift */ = {isa = PBXFileReference; lastKnownFileType = sourcecode.swift; path = BottomPanel.swift; sourceTree = "<group>"; };
		BACAB15C2AA34761006F4607 /* MainData.swift */ = {isa = PBXFileReference; lastKnownFileType = sourcecode.swift; path = MainData.swift; sourceTree = "<group>"; };
		BACAB15E2AA36B72006F4607 /* Conveniences.swift */ = {isa = PBXFileReference; lastKnownFileType = sourcecode.swift; path = Conveniences.swift; sourceTree = "<group>"; };
		BACAB1602AA36BEA006F4607 /* Description.swift */ = {isa = PBXFileReference; lastKnownFileType = sourcecode.swift; path = Description.swift; sourceTree = "<group>"; };
		BACAB1622AA5CED8006F4607 /* Peculiarities.swift */ = {isa = PBXFileReference; lastKnownFileType = sourcecode.swift; path = Peculiarities.swift; sourceTree = "<group>"; };
		BACAB1642AA5D7D6006F4607 /* RoomViewModel.swift */ = {isa = PBXFileReference; lastKnownFileType = sourcecode.swift; path = RoomViewModel.swift; sourceTree = "<group>"; };
		BACAB1672AA61A4C006F4607 /* RoomData.swift */ = {isa = PBXFileReference; lastKnownFileType = sourcecode.swift; path = RoomData.swift; sourceTree = "<group>"; };
		BACAB16A2AA715BE006F4607 /* ButtonView.swift */ = {isa = PBXFileReference; lastKnownFileType = sourcecode.swift; path = ButtonView.swift; sourceTree = "<group>"; };
		BACAB16C2AA71F96006F4607 /* DetailRow.swift */ = {isa = PBXFileReference; lastKnownFileType = sourcecode.swift; path = DetailRow.swift; sourceTree = "<group>"; };
		BACAB16F2AA72274006F4607 /* BookingDetailMainView.swift */ = {isa = PBXFileReference; lastKnownFileType = sourcecode.swift; path = BookingDetailMainView.swift; sourceTree = "<group>"; };
/* End PBXFileReference section */

/* Begin PBXFrameworksBuildPhase section */
		BACAB12B2AA1CB7A006F4607 /* Frameworks */ = {
			isa = PBXFrameworksBuildPhase;
			buildActionMask = 2147483647;
			files = (
			);
			runOnlyForDeploymentPostprocessing = 0;
		};
/* End PBXFrameworksBuildPhase section */

/* Begin PBXGroup section */
		BACAB1252AA1CB7A006F4607 = {
			isa = PBXGroup;
			children = (
				BACAB1302AA1CB7A006F4607 /* HotelBooking */,
				BACAB12F2AA1CB7A006F4607 /* Products */,
			);
			sourceTree = "<group>";
		};
		BACAB12F2AA1CB7A006F4607 /* Products */ = {
			isa = PBXGroup;
			children = (
				BACAB12E2AA1CB7A006F4607 /* HotelBooking.app */,
			);
			name = Products;
			sourceTree = "<group>";
		};
		BACAB1302AA1CB7A006F4607 /* HotelBooking */ = {
			isa = PBXGroup;
			children = (
				BAAB50252AA7588D00EC3817 /* Info.plist */,
				BACAB13F2AA1CE45006F4607 /* App */,
				BACAB1312AA1CB7A006F4607 /* HotelBookingApp.swift */,
				BACAB1332AA1CB7A006F4607 /* ContentView.swift */,
				BA9B572C2AA762AE00A24C7C /* SF-Pro-Display-Regular.otf */,
				BAAB50232AA756BF00EC3817 /* SF-Pro-Display-Medium.otf */,
				BAAB50272AA7599F00EC3817 /* SF-Pro-Display-Semibold.otf */,
				BAAB50212AA7569200EC3817 /* Assets.xcassets */,
				BACAB1372AA1CB7B006F4607 /* Preview Content */,
			);
			path = HotelBooking;
			sourceTree = "<group>";
		};
		BACAB1372AA1CB7B006F4607 /* Preview Content */ = {
			isa = PBXGroup;
			children = (
				BACAB1382AA1CB7B006F4607 /* Preview Assets.xcassets */,
			);
			path = "Preview Content";
			sourceTree = "<group>";
		};
		BACAB13F2AA1CE45006F4607 /* App */ = {
			isa = PBXGroup;
			children = (
				BACAB1692AA715AD006F4607 /* Views */,
				BACAB1552AA1D8B8006F4607 /* Services */,
				BACAB1542AA1D8AF006F4607 /* Models */,
				BACAB1452AA1D4D3006F4607 /* Modules */,
				BACAB1402AA1CE4C006F4607 /* Coordinator */,
			);
			path = App;
			sourceTree = "<group>";
		};
		BACAB1402AA1CE4C006F4607 /* Coordinator */ = {
			isa = PBXGroup;
			children = (
				BACAB1412AA1D12E006F4607 /* CoordinatorView.swift */,
				BACAB1432AA1D148006F4607 /* CoordinatorObject.swift */,
			);
			path = Coordinator;
			sourceTree = "<group>";
		};
		BACAB1452AA1D4D3006F4607 /* Modules */ = {
			isa = PBXGroup;
			children = (
				BACAB14B2AA1D558006F4607 /* Paid */,
				BACAB14A2AA1D54B006F4607 /* Booking */,
				BACAB1492AA1D53F006F4607 /* Room */,
				BACAB1462AA1D4E2006F4607 /* Hotel */,
			);
			path = Modules;
			sourceTree = "<group>";
		};
		BACAB1462AA1D4E2006F4607 /* Hotel */ = {
			isa = PBXGroup;
			children = (
				BACAB1562AA334DA006F4607 /* Views */,
				BACAB1472AA1D51F006F4607 /* HotelView.swift */,
				BACAB1522AA1D89F006F4607 /* HotelViewModel.swift */,
			);
			path = Hotel;
			sourceTree = "<group>";
		};
		BACAB1492AA1D53F006F4607 /* Room */ = {
			isa = PBXGroup;
			children = (
				BACAB1662AA5D86B006F4607 /* Views */,
				BACAB14C2AA1D567006F4607 /* RoomView.swift */,
				BACAB1642AA5D7D6006F4607 /* RoomViewModel.swift */,
			);
			path = Room;
			sourceTree = "<group>";
		};
		BACAB14A2AA1D54B006F4607 /* Booking */ = {
			isa = PBXGroup;
			children = (
				BACAB16E2AA7225D006F4607 /* Views */,
				BACAB14E2AA1D579006F4607 /* BookingView.swift */,
			);
			path = Booking;
			sourceTree = "<group>";
		};
		BACAB14B2AA1D558006F4607 /* Paid */ = {
			isa = PBXGroup;
			children = (
				BACAB1502AA1D586006F4607 /* PaidView.swift */,
			);
			path = Paid;
			sourceTree = "<group>";
		};
		BACAB1542AA1D8AF006F4607 /* Models */ = {
			isa = PBXGroup;
			children = (
			);
			path = Models;
			sourceTree = "<group>";
		};
		BACAB1552AA1D8B8006F4607 /* Services */ = {
			isa = PBXGroup;
			children = (
			);
			path = Services;
			sourceTree = "<group>";
		};
		BACAB1562AA334DA006F4607 /* Views */ = {
			isa = PBXGroup;
			children = (
				BACAB1582AA334FC006F4607 /* ImageCorusel.swift */,
				BACAB15A2AA33703006F4607 /* BottomPanel.swift */,
				BACAB15C2AA34761006F4607 /* MainData.swift */,
				BACAB15E2AA36B72006F4607 /* Conveniences.swift */,
				BACAB1602AA36BEA006F4607 /* Description.swift */,
				BACAB1622AA5CED8006F4607 /* Peculiarities.swift */,
			);
			path = Views;
			sourceTree = "<group>";
		};
		BACAB1662AA5D86B006F4607 /* Views */ = {
			isa = PBXGroup;
			children = (
				BACAB1672AA61A4C006F4607 /* RoomData.swift */,
			);
			path = Views;
			sourceTree = "<group>";
		};
		BACAB1692AA715AD006F4607 /* Views */ = {
			isa = PBXGroup;
			children = (
				BACAB16A2AA715BE006F4607 /* ButtonView.swift */,
			);
			path = Views;
			sourceTree = "<group>";
		};
		BACAB16E2AA7225D006F4607 /* Views */ = {
			isa = PBXGroup;
			children = (
				BACAB16C2AA71F96006F4607 /* DetailRow.swift */,
				BACAB16F2AA72274006F4607 /* BookingDetailMainView.swift */,
				BA9B572E2AA770F600A24C7C /* BuyerInformationView.swift */,
			);
			path = Views;
			sourceTree = "<group>";
		};
/* End PBXGroup section */

/* Begin PBXNativeTarget section */
		BACAB12D2AA1CB7A006F4607 /* HotelBooking */ = {
			isa = PBXNativeTarget;
			buildConfigurationList = BACAB13C2AA1CB7B006F4607 /* Build configuration list for PBXNativeTarget "HotelBooking" */;
			buildPhases = (
				BACAB12A2AA1CB7A006F4607 /* Sources */,
				BACAB12B2AA1CB7A006F4607 /* Frameworks */,
				BACAB12C2AA1CB7A006F4607 /* Resources */,
			);
			buildRules = (
			);
			dependencies = (
			);
			name = HotelBooking;
			productName = HotelBooking;
			productReference = BACAB12E2AA1CB7A006F4607 /* HotelBooking.app */;
			productType = "com.apple.product-type.application";
		};
/* End PBXNativeTarget section */

/* Begin PBXProject section */
		BACAB1262AA1CB7A006F4607 /* Project object */ = {
			isa = PBXProject;
			attributes = {
				BuildIndependentTargetsInParallel = 1;
				LastSwiftUpdateCheck = 1430;
				LastUpgradeCheck = 1430;
				TargetAttributes = {
					BACAB12D2AA1CB7A006F4607 = {
						CreatedOnToolsVersion = 14.3.1;
					};
				};
			};
			buildConfigurationList = BACAB1292AA1CB7A006F4607 /* Build configuration list for PBXProject "HotelBooking" */;
			compatibilityVersion = "Xcode 14.0";
			developmentRegion = en;
			hasScannedForEncodings = 0;
			knownRegions = (
				en,
				Base,
			);
			mainGroup = BACAB1252AA1CB7A006F4607;
			productRefGroup = BACAB12F2AA1CB7A006F4607 /* Products */;
			projectDirPath = "";
			projectRoot = "";
			targets = (
				BACAB12D2AA1CB7A006F4607 /* HotelBooking */,
			);
		};
/* End PBXProject section */

/* Begin PBXResourcesBuildPhase section */
		BACAB12C2AA1CB7A006F4607 /* Resources */ = {
			isa = PBXResourcesBuildPhase;
			buildActionMask = 2147483647;
			files = (
				BAAB50282AA75A2B00EC3817 /* SF-Pro-Display-Semibold.otf in Resources */,
				BAAB50242AA757F000EC3817 /* SF-Pro-Display-Medium.otf in Resources */,
				BAAB50222AA7569200EC3817 /* Assets.xcassets in Resources */,
				BA9B572D2AA762AE00A24C7C /* SF-Pro-Display-Regular.otf in Resources */,
				BACAB1392AA1CB7B006F4607 /* Preview Assets.xcassets in Resources */,
			);
			runOnlyForDeploymentPostprocessing = 0;
		};
/* End PBXResourcesBuildPhase section */

/* Begin PBXSourcesBuildPhase section */
		BACAB12A2AA1CB7A006F4607 /* Sources */ = {
			isa = PBXSourcesBuildPhase;
			buildActionMask = 2147483647;
			files = (
				BACAB15B2AA33703006F4607 /* BottomPanel.swift in Sources */,
				BACAB1342AA1CB7A006F4607 /* ContentView.swift in Sources */,
				BACAB1702AA72274006F4607 /* BookingDetailMainView.swift in Sources */,
				BACAB1632AA5CED8006F4607 /* Peculiarities.swift in Sources */,
				BACAB1682AA61A4C006F4607 /* RoomData.swift in Sources */,
				BACAB1442AA1D148006F4607 /* CoordinatorObject.swift in Sources */,
				BACAB15F2AA36B72006F4607 /* Conveniences.swift in Sources */,
				BACAB1532AA1D89F006F4607 /* HotelViewModel.swift in Sources */,
				BA9B572F2AA770F600A24C7C /* BuyerInformationView.swift in Sources */,
				BACAB16B2AA715BE006F4607 /* ButtonView.swift in Sources */,
				BACAB15D2AA34761006F4607 /* MainData.swift in Sources */,
				BACAB1652AA5D7D6006F4607 /* RoomViewModel.swift in Sources */,
				BACAB1592AA334FC006F4607 /* ImageCorusel.swift in Sources */,
				BACAB1512AA1D586006F4607 /* PaidView.swift in Sources */,
				BACAB14F2AA1D579006F4607 /* BookingView.swift in Sources */,
				BACAB1482AA1D51F006F4607 /* HotelView.swift in Sources */,
				BACAB1612AA36BEA006F4607 /* Description.swift in Sources */,
				BACAB14D2AA1D567006F4607 /* RoomView.swift in Sources */,
				BACAB1422AA1D12E006F4607 /* CoordinatorView.swift in Sources */,
				BACAB1322AA1CB7A006F4607 /* HotelBookingApp.swift in Sources */,
				BACAB16D2AA71F96006F4607 /* DetailRow.swift in Sources */,
			);
			runOnlyForDeploymentPostprocessing = 0;
		};
/* End PBXSourcesBuildPhase section */

/* Begin XCBuildConfiguration section */
		BACAB13A2AA1CB7B006F4607 /* Debug */ = {
			isa = XCBuildConfiguration;
			buildSettings = {
				ALWAYS_SEARCH_USER_PATHS = NO;
				CLANG_ANALYZER_NONNULL = YES;
				CLANG_ANALYZER_NUMBER_OBJECT_CONVERSION = YES_AGGRESSIVE;
				CLANG_CXX_LANGUAGE_STANDARD = "gnu++20";
				CLANG_ENABLE_MODULES = YES;
				CLANG_ENABLE_OBJC_ARC = YES;
				CLANG_ENABLE_OBJC_WEAK = YES;
				CLANG_WARN_BLOCK_CAPTURE_AUTORELEASING = YES;
				CLANG_WARN_BOOL_CONVERSION = YES;
				CLANG_WARN_COMMA = YES;
				CLANG_WARN_CONSTANT_CONVERSION = YES;
				CLANG_WARN_DEPRECATED_OBJC_IMPLEMENTATIONS = YES;
				CLANG_WARN_DIRECT_OBJC_ISA_USAGE = YES_ERROR;
				CLANG_WARN_DOCUMENTATION_COMMENTS = YES;
				CLANG_WARN_EMPTY_BODY = YES;
				CLANG_WARN_ENUM_CONVERSION = YES;
				CLANG_WARN_INFINITE_RECURSION = YES;
				CLANG_WARN_INT_CONVERSION = YES;
				CLANG_WARN_NON_LITERAL_NULL_CONVERSION = YES;
				CLANG_WARN_OBJC_IMPLICIT_RETAIN_SELF = YES;
				CLANG_WARN_OBJC_LITERAL_CONVERSION = YES;
				CLANG_WARN_OBJC_ROOT_CLASS = YES_ERROR;
				CLANG_WARN_QUOTED_INCLUDE_IN_FRAMEWORK_HEADER = YES;
				CLANG_WARN_RANGE_LOOP_ANALYSIS = YES;
				CLANG_WARN_STRICT_PROTOTYPES = YES;
				CLANG_WARN_SUSPICIOUS_MOVE = YES;
				CLANG_WARN_UNGUARDED_AVAILABILITY = YES_AGGRESSIVE;
				CLANG_WARN_UNREACHABLE_CODE = YES;
				CLANG_WARN__DUPLICATE_METHOD_MATCH = YES;
				COPY_PHASE_STRIP = NO;
				DEBUG_INFORMATION_FORMAT = dwarf;
				ENABLE_STRICT_OBJC_MSGSEND = YES;
				ENABLE_TESTABILITY = YES;
				GCC_C_LANGUAGE_STANDARD = gnu11;
				GCC_DYNAMIC_NO_PIC = NO;
				GCC_NO_COMMON_BLOCKS = YES;
				GCC_OPTIMIZATION_LEVEL = 0;
				GCC_PREPROCESSOR_DEFINITIONS = (
					"DEBUG=1",
					"$(inherited)",
				);
				GCC_WARN_64_TO_32_BIT_CONVERSION = YES;
				GCC_WARN_ABOUT_RETURN_TYPE = YES_ERROR;
				GCC_WARN_UNDECLARED_SELECTOR = YES;
				GCC_WARN_UNINITIALIZED_AUTOS = YES_AGGRESSIVE;
				GCC_WARN_UNUSED_FUNCTION = YES;
				GCC_WARN_UNUSED_VARIABLE = YES;
				IPHONEOS_DEPLOYMENT_TARGET = 16.4;
				MTL_ENABLE_DEBUG_INFO = INCLUDE_SOURCE;
				MTL_FAST_MATH = YES;
				ONLY_ACTIVE_ARCH = YES;
				SDKROOT = iphoneos;
				SWIFT_ACTIVE_COMPILATION_CONDITIONS = DEBUG;
				SWIFT_OPTIMIZATION_LEVEL = "-Onone";
			};
			name = Debug;
		};
		BACAB13B2AA1CB7B006F4607 /* Release */ = {
			isa = XCBuildConfiguration;
			buildSettings = {
				ALWAYS_SEARCH_USER_PATHS = NO;
				CLANG_ANALYZER_NONNULL = YES;
				CLANG_ANALYZER_NUMBER_OBJECT_CONVERSION = YES_AGGRESSIVE;
				CLANG_CXX_LANGUAGE_STANDARD = "gnu++20";
				CLANG_ENABLE_MODULES = YES;
				CLANG_ENABLE_OBJC_ARC = YES;
				CLANG_ENABLE_OBJC_WEAK = YES;
				CLANG_WARN_BLOCK_CAPTURE_AUTORELEASING = YES;
				CLANG_WARN_BOOL_CONVERSION = YES;
				CLANG_WARN_COMMA = YES;
				CLANG_WARN_CONSTANT_CONVERSION = YES;
				CLANG_WARN_DEPRECATED_OBJC_IMPLEMENTATIONS = YES;
				CLANG_WARN_DIRECT_OBJC_ISA_USAGE = YES_ERROR;
				CLANG_WARN_DOCUMENTATION_COMMENTS = YES;
				CLANG_WARN_EMPTY_BODY = YES;
				CLANG_WARN_ENUM_CONVERSION = YES;
				CLANG_WARN_INFINITE_RECURSION = YES;
				CLANG_WARN_INT_CONVERSION = YES;
				CLANG_WARN_NON_LITERAL_NULL_CONVERSION = YES;
				CLANG_WARN_OBJC_IMPLICIT_RETAIN_SELF = YES;
				CLANG_WARN_OBJC_LITERAL_CONVERSION = YES;
				CLANG_WARN_OBJC_ROOT_CLASS = YES_ERROR;
				CLANG_WARN_QUOTED_INCLUDE_IN_FRAMEWORK_HEADER = YES;
				CLANG_WARN_RANGE_LOOP_ANALYSIS = YES;
				CLANG_WARN_STRICT_PROTOTYPES = YES;
				CLANG_WARN_SUSPICIOUS_MOVE = YES;
				CLANG_WARN_UNGUARDED_AVAILABILITY = YES_AGGRESSIVE;
				CLANG_WARN_UNREACHABLE_CODE = YES;
				CLANG_WARN__DUPLICATE_METHOD_MATCH = YES;
				COPY_PHASE_STRIP = NO;
				DEBUG_INFORMATION_FORMAT = "dwarf-with-dsym";
				ENABLE_NS_ASSERTIONS = NO;
				ENABLE_STRICT_OBJC_MSGSEND = YES;
				GCC_C_LANGUAGE_STANDARD = gnu11;
				GCC_NO_COMMON_BLOCKS = YES;
				GCC_WARN_64_TO_32_BIT_CONVERSION = YES;
				GCC_WARN_ABOUT_RETURN_TYPE = YES_ERROR;
				GCC_WARN_UNDECLARED_SELECTOR = YES;
				GCC_WARN_UNINITIALIZED_AUTOS = YES_AGGRESSIVE;
				GCC_WARN_UNUSED_FUNCTION = YES;
				GCC_WARN_UNUSED_VARIABLE = YES;
				IPHONEOS_DEPLOYMENT_TARGET = 16.4;
				MTL_ENABLE_DEBUG_INFO = NO;
				MTL_FAST_MATH = YES;
				SDKROOT = iphoneos;
				SWIFT_COMPILATION_MODE = wholemodule;
				SWIFT_OPTIMIZATION_LEVEL = "-O";
				VALIDATE_PRODUCT = YES;
			};
			name = Release;
		};
		BACAB13D2AA1CB7B006F4607 /* Debug */ = {
			isa = XCBuildConfiguration;
			buildSettings = {
				ASSETCATALOG_COMPILER_APPICON_NAME = AppIcon;
				ASSETCATALOG_COMPILER_GLOBAL_ACCENT_COLOR_NAME = AccentColor;
				CODE_SIGN_STYLE = Automatic;
				CURRENT_PROJECT_VERSION = 1;
				DEVELOPMENT_ASSET_PATHS = "\"HotelBooking/Preview Content\"";
				DEVELOPMENT_TEAM = 9A7Q9CH3UQ;
				ENABLE_PREVIEWS = YES;
				GENERATE_INFOPLIST_FILE = YES;
				INFOPLIST_FILE = HotelBooking/Info.plist;
				INFOPLIST_KEY_UIApplicationSceneManifest_Generation = YES;
				INFOPLIST_KEY_UIApplicationSupportsIndirectInputEvents = YES;
				INFOPLIST_KEY_UILaunchScreen_Generation = YES;
				INFOPLIST_KEY_UISupportedInterfaceOrientations_iPad = "UIInterfaceOrientationPortrait UIInterfaceOrientationPortraitUpsideDown UIInterfaceOrientationLandscapeLeft UIInterfaceOrientationLandscapeRight";
				INFOPLIST_KEY_UISupportedInterfaceOrientations_iPhone = "UIInterfaceOrientationPortrait UIInterfaceOrientationLandscapeLeft UIInterfaceOrientationLandscapeRight";
				LD_RUNPATH_SEARCH_PATHS = (
					"$(inherited)",
					"@executable_path/Frameworks",
				);
				MARKETING_VERSION = 1.0;
				PRODUCT_BUNDLE_IDENTIFIER = alexeypanda.HotelBooking;
				PRODUCT_NAME = "$(TARGET_NAME)";
				SWIFT_EMIT_LOC_STRINGS = YES;
				SWIFT_VERSION = 5.0;
				TARGETED_DEVICE_FAMILY = "1,2";
			};
			name = Debug;
		};
		BACAB13E2AA1CB7B006F4607 /* Release */ = {
			isa = XCBuildConfiguration;
			buildSettings = {
				ASSETCATALOG_COMPILER_APPICON_NAME = AppIcon;
				ASSETCATALOG_COMPILER_GLOBAL_ACCENT_COLOR_NAME = AccentColor;
				CODE_SIGN_STYLE = Automatic;
				CURRENT_PROJECT_VERSION = 1;
				DEVELOPMENT_ASSET_PATHS = "\"HotelBooking/Preview Content\"";
				DEVELOPMENT_TEAM = 9A7Q9CH3UQ;
				ENABLE_PREVIEWS = YES;
				GENERATE_INFOPLIST_FILE = YES;
				INFOPLIST_FILE = HotelBooking/Info.plist;
				INFOPLIST_KEY_UIApplicationSceneManifest_Generation = YES;
				INFOPLIST_KEY_UIApplicationSupportsIndirectInputEvents = YES;
				INFOPLIST_KEY_UILaunchScreen_Generation = YES;
				INFOPLIST_KEY_UISupportedInterfaceOrientations_iPad = "UIInterfaceOrientationPortrait UIInterfaceOrientationPortraitUpsideDown UIInterfaceOrientationLandscapeLeft UIInterfaceOrientationLandscapeRight";
				INFOPLIST_KEY_UISupportedInterfaceOrientations_iPhone = "UIInterfaceOrientationPortrait UIInterfaceOrientationLandscapeLeft UIInterfaceOrientationLandscapeRight";
				LD_RUNPATH_SEARCH_PATHS = (
					"$(inherited)",
					"@executable_path/Frameworks",
				);
				MARKETING_VERSION = 1.0;
				PRODUCT_BUNDLE_IDENTIFIER = alexeypanda.HotelBooking;
				PRODUCT_NAME = "$(TARGET_NAME)";
				SWIFT_EMIT_LOC_STRINGS = YES;
				SWIFT_VERSION = 5.0;
				TARGETED_DEVICE_FAMILY = "1,2";
			};
			name = Release;
		};
/* End XCBuildConfiguration section */

/* Begin XCConfigurationList section */
		BACAB1292AA1CB7A006F4607 /* Build configuration list for PBXProject "HotelBooking" */ = {
			isa = XCConfigurationList;
			buildConfigurations = (
				BACAB13A2AA1CB7B006F4607 /* Debug */,
				BACAB13B2AA1CB7B006F4607 /* Release */,
			);
			defaultConfigurationIsVisible = 0;
			defaultConfigurationName = Release;
		};
		BACAB13C2AA1CB7B006F4607 /* Build configuration list for PBXNativeTarget "HotelBooking" */ = {
			isa = XCConfigurationList;
			buildConfigurations = (
				BACAB13D2AA1CB7B006F4607 /* Debug */,
				BACAB13E2AA1CB7B006F4607 /* Release */,
			);
			defaultConfigurationIsVisible = 0;
			defaultConfigurationName = Release;
		};
/* End XCConfigurationList section */
	};
	rootObject = BACAB1262AA1CB7A006F4607 /* Project object */;
}
